// !$*UTF8*$!
{
	archiveVersion = 1;
	classes = {
	};
	objectVersion = 77;
	objects = {

/* Begin PBXContainerItemProxy section */
		FF0009AF2DC8A088004ED69C /* PBXContainerItemProxy */ = {
			isa = PBXContainerItemProxy;
			containerPortal = FF0009992DC8A085004ED69C /* Project object */;
			proxyType = 1;
			remoteGlobalIDString = FF0009A02DC8A085004ED69C;
			remoteInfo = CalorieEstimator;
		};
		FF0009B92DC8A088004ED69C /* PBXContainerItemProxy */ = {
			isa = PBXContainerItemProxy;
			containerPortal = FF0009992DC8A085004ED69C /* Project object */;
			proxyType = 1;
			remoteGlobalIDString = FF0009A02DC8A085004ED69C;
			remoteInfo = CalorieEstimator;
		};
/* End PBXContainerItemProxy section */

/* Begin PBXFileReference section */
		FF0009A12DC8A085004ED69C /* CalorieEstimator.app */ = {isa = PBXFileReference; explicitFileType = wrapper.application; includeInIndex = 0; path = CalorieEstimator.app; sourceTree = BUILT_PRODUCTS_DIR; };
		FF0009AE2DC8A088004ED69C /* CalorieEstimatorTests.xctest */ = {isa = PBXFileReference; explicitFileType = wrapper.cfbundle; includeInIndex = 0; path = CalorieEstimatorTests.xctest; sourceTree = BUILT_PRODUCTS_DIR; };
		FF0009B82DC8A088004ED69C /* CalorieEstimatorUITests.xctest */ = {isa = PBXFileReference; explicitFileType = wrapper.cfbundle; includeInIndex = 0; path = CalorieEstimatorUITests.xctest; sourceTree = BUILT_PRODUCTS_DIR; };
/* End PBXFileReference section */

/* Begin PBXFileSystemSynchronizedRootGroup section */
		FF0009A32DC8A085004ED69C /* CalorieEstimator */ = {
			isa = PBXFileSystemSynchronizedRootGroup;
			path = CalorieEstimator;
			sourceTree = "<group>";
		};
		FF0009B12DC8A088004ED69C /* CalorieEstimatorTests */ = {
			isa = PBXFileSystemSynchronizedRootGroup;
			path = CalorieEstimatorTests;
			sourceTree = "<group>";
		};
		FF0009BB2DC8A088004ED69C /* CalorieEstimatorUITests */ = {
			isa = PBXFileSystemSynchronizedRootGroup;
			path = CalorieEstimatorUITests;
			sourceTree = "<group>";
		};
/* End PBXFileSystemSynchronizedRootGroup section */

/* Begin PBXFrameworksBuildPhase section */
		FF00099E2DC8A085004ED69C /* Frameworks */ = {
			isa = PBXFrameworksBuildPhase;
			buildActionMask = 2147483647;
			files = (
			);
			runOnlyForDeploymentPostprocessing = 0;
		};
		FF0009AB2DC8A088004ED69C /* Frameworks */ = {
			isa = PBXFrameworksBuildPhase;
			buildActionMask = 2147483647;
			files = (
			);
			runOnlyForDeploymentPostprocessing = 0;
		};
		FF0009B52DC8A088004ED69C /* Frameworks */ = {
			isa = PBXFrameworksBuildPhase;
			buildActionMask = 2147483647;
			files = (
			);
			runOnlyForDeploymentPostprocessing = 0;
		};
/* End PBXFrameworksBuildPhase section */

/* Begin PBXGroup section */
		FF0009982DC8A085004ED69C = {
			isa = PBXGroup;
			children = (
				FF0009A32DC8A085004ED69C /* CalorieEstimator */,
				FF0009B12DC8A088004ED69C /* CalorieEstimatorTests */,
				FF0009BB2DC8A088004ED69C /* CalorieEstimatorUITests */,
				FF0009A22DC8A085004ED69C /* Products */,
			);
			sourceTree = "<group>";
		};
		FF0009A22DC8A085004ED69C /* Products */ = {
			isa = PBXGroup;
			children = (
				FF0009A12DC8A085004ED69C /* CalorieEstimator.app */,
				FF0009AE2DC8A088004ED69C /* CalorieEstimatorTests.xctest */,
				FF0009B82DC8A088004ED69C /* CalorieEstimatorUITests.xctest */,
			);
			name = Products;
			sourceTree = "<group>";
		};
/* End PBXGroup section */

/* Begin PBXNativeTarget section */
		FF0009A02DC8A085004ED69C /* CalorieEstimator */ = {
			isa = PBXNativeTarget;
			buildConfigurationList = FF0009C22DC8A088004ED69C /* Build configuration list for PBXNativeTarget "CalorieEstimator" */;
			buildPhases = (
				FF00099D2DC8A085004ED69C /* Sources */,
				FF00099E2DC8A085004ED69C /* Frameworks */,
				FF00099F2DC8A085004ED69C /* Resources */,
			);
			buildRules = (
			);
			dependencies = (
			);
			fileSystemSynchronizedGroups = (
				FF0009A32DC8A085004ED69C /* CalorieEstimator */,
			);
			name = CalorieEstimator;
			packageProductDependencies = (
			);
			productName = CalorieEstimator;
			productReference = FF0009A12DC8A085004ED69C /* CalorieEstimator.app */;
			productType = "com.apple.product-type.application";
		};
		FF0009AD2DC8A088004ED69C /* CalorieEstimatorTests */ = {
			isa = PBXNativeTarget;
			buildConfigurationList = FF0009C52DC8A088004ED69C /* Build configuration list for PBXNativeTarget "CalorieEstimatorTests" */;
			buildPhases = (
				FF0009AA2DC8A088004ED69C /* Sources */,
				FF0009AB2DC8A088004ED69C /* Frameworks */,
				FF0009AC2DC8A088004ED69C /* Resources */,
			);
			buildRules = (
			);
			dependencies = (
				FF0009B02DC8A088004ED69C /* PBXTargetDependency */,
			);
			fileSystemSynchronizedGroups = (
				FF0009B12DC8A088004ED69C /* CalorieEstimatorTests */,
			);
			name = CalorieEstimatorTests;
			packageProductDependencies = (
			);
			productName = CalorieEstimatorTests;
			productReference = FF0009AE2DC8A088004ED69C /* CalorieEstimatorTests.xctest */;
			productType = "com.apple.product-type.bundle.unit-test";
		};
		FF0009B72DC8A088004ED69C /* CalorieEstimatorUITests */ = {
			isa = PBXNativeTarget;
			buildConfigurationList = FF0009C82DC8A088004ED69C /* Build configuration list for PBXNativeTarget "CalorieEstimatorUITests" */;
			buildPhases = (
				FF0009B42DC8A088004ED69C /* Sources */,
				FF0009B52DC8A088004ED69C /* Frameworks */,
				FF0009B62DC8A088004ED69C /* Resources */,
			);
			buildRules = (
			);
			dependencies = (
				FF0009BA2DC8A088004ED69C /* PBXTargetDependency */,
			);
			fileSystemSynchronizedGroups = (
				FF0009BB2DC8A088004ED69C /* CalorieEstimatorUITests */,
			);
			name = CalorieEstimatorUITests;
			packageProductDependencies = (
			);
			productName = CalorieEstimatorUITests;
			productReference = FF0009B82DC8A088004ED69C /* CalorieEstimatorUITests.xctest */;
			productType = "com.apple.product-type.bundle.ui-testing";
		};
/* End PBXNativeTarget section */

/* Begin PBXProject section */
		FF0009992DC8A085004ED69C /* Project object */ = {
			isa = PBXProject;
			attributes = {
				BuildIndependentTargetsInParallel = 1;
				LastSwiftUpdateCheck = 1630;
				LastUpgradeCheck = 1630;
				TargetAttributes = {
					FF0009A02DC8A085004ED69C = {
						CreatedOnToolsVersion = 16.3;
					};
					FF0009AD2DC8A088004ED69C = {
						CreatedOnToolsVersion = 16.3;
						TestTargetID = FF0009A02DC8A085004ED69C;
					};
					FF0009B72DC8A088004ED69C = {
						CreatedOnToolsVersion = 16.3;
						TestTargetID = FF0009A02DC8A085004ED69C;
					};
				};
			};
			buildConfigurationList = FF00099C2DC8A085004ED69C /* Build configuration list for PBXProject "CalorieEstimator" */;
			developmentRegion = en;
			hasScannedForEncodings = 0;
			knownRegions = (
				en,
				Base,
			);
			mainGroup = FF0009982DC8A085004ED69C;
			minimizedProjectReferenceProxies = 1;
			preferredProjectObjectVersion = 77;
			productRefGroup = FF0009A22DC8A085004ED69C /* Products */;
			projectDirPath = "";
			projectRoot = "";
			targets = (
				FF0009A02DC8A085004ED69C /* CalorieEstimator */,
				FF0009AD2DC8A088004ED69C /* CalorieEstimatorTests */,
				FF0009B72DC8A088004ED69C /* CalorieEstimatorUITests */,
			);
		};
/* End PBXProject section */

/* Begin PBXResourcesBuildPhase section */
		FF00099F2DC8A085004ED69C /* Resources */ = {
			isa = PBXResourcesBuildPhase;
			buildActionMask = 2147483647;
			files = (
			);
			runOnlyForDeploymentPostprocessing = 0;
		};
		FF0009AC2DC8A088004ED69C /* Resources */ = {
			isa = PBXResourcesBuildPhase;
			buildActionMask = 2147483647;
			files = (
			);
			runOnlyForDeploymentPostprocessing = 0;
		};
		FF0009B62DC8A088004ED69C /* Resources */ = {
			isa = PBXResourcesBuildPhase;
			buildActionMask = 2147483647;
			files = (
			);
			runOnlyForDeploymentPostprocessing = 0;
		};
/* End PBXResourcesBuildPhase section */

/* Begin PBXSourcesBuildPhase section */
		FF00099D2DC8A085004ED69C /* Sources */ = {
			isa = PBXSourcesBuildPhase;
			buildActionMask = 2147483647;
			files = (
			);
			runOnlyForDeploymentPostprocessing = 0;
		};
		FF0009AA2DC8A088004ED69C /* Sources */ = {
			isa = PBXSourcesBuildPhase;
			buildActionMask = 2147483647;
			files = (
			);
			runOnlyForDeploymentPostprocessing = 0;
		};
		FF0009B42DC8A088004ED69C /* Sources */ = {
			isa = PBXSourcesBuildPhase;
			buildActionMask = 2147483647;
			files = (
			);
			runOnlyForDeploymentPostprocessing = 0;
		};
/* End PBXSourcesBuildPhase section */

/* Begin PBXTargetDependency section */
		FF0009B02DC8A088004ED69C /* PBXTargetDependency */ = {
			isa = PBXTargetDependency;
			target = FF0009A02DC8A085004ED69C /* CalorieEstimator */;
			targetProxy = FF0009AF2DC8A088004ED69C /* PBXContainerItemProxy */;
		};
		FF0009BA2DC8A088004ED69C /* PBXTargetDependency */ = {
			isa = PBXTargetDependency;
			target = FF0009A02DC8A085004ED69C /* CalorieEstimator */;
			targetProxy = FF0009B92DC8A088004ED69C /* PBXContainerItemProxy */;
		};
/* End PBXTargetDependency section */

/* Begin XCBuildConfiguration section */
		FF0009C02DC8A088004ED69C /* Debug */ = {
			isa = XCBuildConfiguration;
			buildSettings = {
				ALWAYS_SEARCH_USER_PATHS = NO;
				ASSETCATALOG_COMPILER_GENERATE_SWIFT_ASSET_SYMBOL_EXTENSIONS = YES;
				CLANG_ANALYZER_NONNULL = YES;
				CLANG_ANALYZER_NUMBER_OBJECT_CONVERSION = YES_AGGRESSIVE;
				CLANG_CXX_LANGUAGE_STANDARD = "gnu++20";
				CLANG_ENABLE_MODULES = YES;
				CLANG_ENABLE_OBJC_ARC = YES;
				CLANG_ENABLE_OBJC_WEAK = YES;
				CLANG_WARN_BLOCK_CAPTURE_AUTORELEASING = YES;
				CLANG_WARN_BOOL_CONVERSION = YES;
				CLANG_WARN_COMMA = YES;
				CLANG_WARN_CONSTANT_CONVERSION = YES;
				CLANG_WARN_DEPRECATED_OBJC_IMPLEMENTATIONS = YES;
				CLANG_WARN_DIRECT_OBJC_ISA_USAGE = YES_ERROR;
				CLANG_WARN_DOCUMENTATION_COMMENTS = YES;
				CLANG_WARN_EMPTY_BODY = YES;
				CLANG_WARN_ENUM_CONVERSION = YES;
				CLANG_WARN_INFINITE_RECURSION = YES;
				CLANG_WARN_INT_CONVERSION = YES;
				CLANG_WARN_NON_LITERAL_NULL_CONVERSION = YES;
				CLANG_WARN_OBJC_IMPLICIT_RETAIN_SELF = YES;
				CLANG_WARN_OBJC_LITERAL_CONVERSION = YES;
				CLANG_WARN_OBJC_ROOT_CLASS = YES_ERROR;
				CLANG_WARN_QUOTED_INCLUDE_IN_FRAMEWORK_HEADER = YES;
				CLANG_WARN_RANGE_LOOP_ANALYSIS = YES;
				CLANG_WARN_STRICT_PROTOTYPES = YES;
				CLANG_WARN_SUSPICIOUS_MOVE = YES;
				CLANG_WARN_UNGUARDED_AVAILABILITY = YES_AGGRESSIVE;
				CLANG_WARN_UNREACHABLE_CODE = YES;
				CLANG_WARN__DUPLICATE_METHOD_MATCH = YES;
				COPY_PHASE_STRIP = NO;
				DEBUG_INFORMATION_FORMAT = dwarf;
				DEVELOPMENT_TEAM = 5PD4VQJ6B3;
				ENABLE_STRICT_OBJC_MSGSEND = YES;
				ENABLE_TESTABILITY = YES;
				ENABLE_USER_SCRIPT_SANDBOXING = YES;
				GCC_C_LANGUAGE_STANDARD = gnu17;
				GCC_DYNAMIC_NO_PIC = NO;
				GCC_NO_COMMON_BLOCKS = YES;
				GCC_OPTIMIZATION_LEVEL = 0;
				GCC_PREPROCESSOR_DEFINITIONS = (
					"DEBUG=1",
					"$(inherited)",
				);
				GCC_WARN_64_TO_32_BIT_CONVERSION = YES;
				GCC_WARN_ABOUT_RETURN_TYPE = YES_ERROR;
				GCC_WARN_UNDECLARED_SELECTOR = YES;
				GCC_WARN_UNINITIALIZED_AUTOS = YES_AGGRESSIVE;
				GCC_WARN_UNUSED_FUNCTION = YES;
				GCC_WARN_UNUSED_VARIABLE = YES;
				IPHONEOS_DEPLOYMENT_TARGET = 18.4;
				LOCALIZATION_PREFERS_STRING_CATALOGS = YES;
				MTL_ENABLE_DEBUG_INFO = INCLUDE_SOURCE;
				MTL_FAST_MATH = YES;
				ONLY_ACTIVE_ARCH = YES;
				SDKROOT = iphoneos;
				SWIFT_ACTIVE_COMPILATION_CONDITIONS = "DEBUG $(inherited)";
				SWIFT_OPTIMIZATION_LEVEL = "-Onone";
			};
			name = Debug;
		};
		FF0009C12DC8A088004ED69C /* Release */ = {
			isa = XCBuildConfiguration;
			buildSettings = {
				ALWAYS_SEARCH_USER_PATHS = NO;
				ASSETCATALOG_COMPILER_GENERATE_SWIFT_ASSET_SYMBOL_EXTENSIONS = YES;
				CLANG_ANALYZER_NONNULL = YES;
				CLANG_ANALYZER_NUMBER_OBJECT_CONVERSION = YES_AGGRESSIVE;
				CLANG_CXX_LANGUAGE_STANDARD = "gnu++20";
				CLANG_ENABLE_MODULES = YES;
				CLANG_ENABLE_OBJC_ARC = YES;
				CLANG_ENABLE_OBJC_WEAK = YES;
				CLANG_WARN_BLOCK_CAPTURE_AUTORELEASING = YES;
				CLANG_WARN_BOOL_CONVERSION = YES;
				CLANG_WARN_COMMA = YES;
				CLANG_WARN_CONSTANT_CONVERSION = YES;
				CLANG_WARN_DEPRECATED_OBJC_IMPLEMENTATIONS = YES;
				CLANG_WARN_DIRECT_OBJC_ISA_USAGE = YES_ERROR;
				CLANG_WARN_DOCUMENTATION_COMMENTS = YES;
				CLANG_WARN_EMPTY_BODY = YES;
				CLANG_WARN_ENUM_CONVERSION = YES;
				CLANG_WARN_INFINITE_RECURSION = YES;
				CLANG_WARN_INT_CONVERSION = YES;
				CLANG_WARN_NON_LITERAL_NULL_CONVERSION = YES;
				CLANG_WARN_OBJC_IMPLICIT_RETAIN_SELF = YES;
				CLANG_WARN_OBJC_LITERAL_CONVERSION = YES;
				CLANG_WARN_OBJC_ROOT_CLASS = YES_ERROR;
				CLANG_WARN_QUOTED_INCLUDE_IN_FRAMEWORK_HEADER = YES;
				CLANG_WARN_RANGE_LOOP_ANALYSIS = YES;
				CLANG_WARN_STRICT_PROTOTYPES = YES;
				CLANG_WARN_SUSPICIOUS_MOVE = YES;
				CLANG_WARN_UNGUARDED_AVAILABILITY = YES_AGGRESSIVE;
				CLANG_WARN_UNREACHABLE_CODE = YES;
				CLANG_WARN__DUPLICATE_METHOD_MATCH = YES;
				COPY_PHASE_STRIP = NO;
				DEBUG_INFORMATION_FORMAT = "dwarf-with-dsym";
				DEVELOPMENT_TEAM = 5PD4VQJ6B3;
				ENABLE_NS_ASSERTIONS = NO;
				ENABLE_STRICT_OBJC_MSGSEND = YES;
				ENABLE_USER_SCRIPT_SANDBOXING = YES;
				GCC_C_LANGUAGE_STANDARD = gnu17;
				GCC_NO_COMMON_BLOCKS = YES;
				GCC_WARN_64_TO_32_BIT_CONVERSION = YES;
				GCC_WARN_ABOUT_RETURN_TYPE = YES_ERROR;
				GCC_WARN_UNDECLARED_SELECTOR = YES;
				GCC_WARN_UNINITIALIZED_AUTOS = YES_AGGRESSIVE;
				GCC_WARN_UNUSED_FUNCTION = YES;
				GCC_WARN_UNUSED_VARIABLE = YES;
				IPHONEOS_DEPLOYMENT_TARGET = 18.4;
				LOCALIZATION_PREFERS_STRING_CATALOGS = YES;
				MTL_ENABLE_DEBUG_INFO = NO;
				MTL_FAST_MATH = YES;
				SDKROOT = iphoneos;
				SWIFT_COMPILATION_MODE = wholemodule;
				VALIDATE_PRODUCT = YES;
			};
			name = Release;
		};
		FF0009C32DC8A088004ED69C /* Debug */ = {
			isa = XCBuildConfiguration;
			buildSettings = {
				ASSETCATALOG_COMPILER_APPICON_NAME = AppIcon;
				ASSETCATALOG_COMPILER_GLOBAL_ACCENT_COLOR_NAME = AccentColor;
				CODE_SIGN_STYLE = Automatic;
				CURRENT_PROJECT_VERSION = 1;
				DEVELOPMENT_TEAM = 5PD4VQJ6B3;
				ENABLE_PREVIEWS = YES;
				GENERATE_INFOPLIST_FILE = YES;
				INFOPLIST_KEY_NSCameraUsageDescription = "";
				INFOPLIST_KEY_NSPhotoLibraryUsageDescription = "App membutuhkan izin untuk menyimpan foto ke galeri";
				INFOPLIST_KEY_UIApplicationSceneManifest_Generation = YES;
				INFOPLIST_KEY_UIApplicationSupportsIndirectInputEvents = YES;
				INFOPLIST_KEY_UILaunchScreen_Generation = YES;
				INFOPLIST_KEY_UISupportedInterfaceOrientations_iPad = "UIInterfaceOrientationPortrait UIInterfaceOrientationPortraitUpsideDown UIInterfaceOrientationLandscapeLeft UIInterfaceOrientationLandscapeRight";
				INFOPLIST_KEY_UISupportedInterfaceOrientations_iPhone = "UIInterfaceOrientationPortrait UIInterfaceOrientationLandscapeLeft UIInterfaceOrientationLandscapeRight";
				LD_RUNPATH_SEARCH_PATHS = (
					"$(inherited)",
					"@executable_path/Frameworks",
				);
				MARKETING_VERSION = 1.0;
				PRODUCT_BUNDLE_IDENTIFIER = shiddiqmukhlas.CalorieEstimator;
				PRODUCT_NAME = "$(TARGET_NAME)";
				SWIFT_EMIT_LOC_STRINGS = YES;
				SWIFT_VERSION = 5.0;
				TARGETED_DEVICE_FAMILY = "1,2";
			};
			name = Debug;
		};
		FF0009C42DC8A088004ED69C /* Release */ = {
			isa = XCBuildConfiguration;
			buildSettings = {
				ASSETCATALOG_COMPILER_APPICON_NAME = AppIcon;
				ASSETCATALOG_COMPILER_GLOBAL_ACCENT_COLOR_NAME = AccentColor;
				CODE_SIGN_STYLE = Automatic;
				CURRENT_PROJECT_VERSION = 1;
				DEVELOPMENT_TEAM = 5PD4VQJ6B3;
				ENABLE_PREVIEWS = YES;
				GENERATE_INFOPLIST_FILE = YES;
				INFOPLIST_KEY_NSCameraUsageDescription = "";
				INFOPLIST_KEY_NSPhotoLibraryUsageDescription = "App membutuhkan izin untuk menyimpan foto ke galeri";
				INFOPLIST_KEY_UIApplicationSceneManifest_Generation = YES;
				INFOPLIST_KEY_UIApplicationSupportsIndirectInputEvents = YES;
				INFOPLIST_KEY_UILaunchScreen_Generation = YES;
				INFOPLIST_KEY_UISupportedInterfaceOrientations_iPad = "UIInterfaceOrientationPortrait UIInterfaceOrientationPortraitUpsideDown UIInterfaceOrientationLandscapeLeft UIInterfaceOrientationLandscapeRight";
				INFOPLIST_KEY_UISupportedInterfaceOrientations_iPhone = "UIInterfaceOrientationPortrait UIInterfaceOrientationLandscapeLeft UIInterfaceOrientationLandscapeRight";
				LD_RUNPATH_SEARCH_PATHS = (
					"$(inherited)",
					"@executable_path/Frameworks",
				);
				MARKETING_VERSION = 1.0;
				PRODUCT_BUNDLE_IDENTIFIER = shiddiqmukhlas.CalorieEstimator;
				PRODUCT_NAME = "$(TARGET_NAME)";
				SWIFT_EMIT_LOC_STRINGS = YES;
				SWIFT_VERSION = 5.0;
				TARGETED_DEVICE_FAMILY = "1,2";
			};
			name = Release;
		};
		FF0009C62DC8A088004ED69C /* Debug */ = {
			isa = XCBuildConfiguration;
			buildSettings = {
				BUNDLE_LOADER = "$(TEST_HOST)";
				CODE_SIGN_STYLE = Automatic;
				CURRENT_PROJECT_VERSION = 1;
				DEVELOPMENT_TEAM = 5PD4VQJ6B3;
				GENERATE_INFOPLIST_FILE = YES;
				IPHONEOS_DEPLOYMENT_TARGET = 18.4;
				MARKETING_VERSION = 1.0;
				PRODUCT_BUNDLE_IDENTIFIER = shiddiqmukhlas.CalorieEstimatorTests;
				PRODUCT_NAME = "$(TARGET_NAME)";
				SWIFT_EMIT_LOC_STRINGS = NO;
				SWIFT_VERSION = 5.0;
				TARGETED_DEVICE_FAMILY = "1,2";
				TEST_HOST = "$(BUILT_PRODUCTS_DIR)/CalorieEstimator.app/$(BUNDLE_EXECUTABLE_FOLDER_PATH)/CalorieEstimator";
			};
			name = Debug;
		};
		FF0009C72DC8A088004ED69C /* Release */ = {
			isa = XCBuildConfiguration;
			buildSettings = {
				BUNDLE_LOADER = "$(TEST_HOST)";
				CODE_SIGN_STYLE = Automatic;
				CURRENT_PROJECT_VERSION = 1;
				DEVELOPMENT_TEAM = 5PD4VQJ6B3;
				GENERATE_INFOPLIST_FILE = YES;
				IPHONEOS_DEPLOYMENT_TARGET = 18.4;
				MARKETING_VERSION = 1.0;
				PRODUCT_BUNDLE_IDENTIFIER = shiddiqmukhlas.CalorieEstimatorTests;
				PRODUCT_NAME = "$(TARGET_NAME)";
				SWIFT_EMIT_LOC_STRINGS = NO;
				SWIFT_VERSION = 5.0;
				TARGETED_DEVICE_FAMILY = "1,2";
				TEST_HOST = "$(BUILT_PRODUCTS_DIR)/CalorieEstimator.app/$(BUNDLE_EXECUTABLE_FOLDER_PATH)/CalorieEstimator";
			};
			name = Release;
		};
		FF0009C92DC8A088004ED69C /* Debug */ = {
			isa = XCBuildConfiguration;
			buildSettings = {
				CODE_SIGN_STYLE = Automatic;
				CURRENT_PROJECT_VERSION = 1;
				DEVELOPMENT_TEAM = 5PD4VQJ6B3;
				GENERATE_INFOPLIST_FILE = YES;
				MARKETING_VERSION = 1.0;
				PRODUCT_BUNDLE_IDENTIFIER = shiddiqmukhlas.CalorieEstimatorUITests;
				PRODUCT_NAME = "$(TARGET_NAME)";
				SWIFT_EMIT_LOC_STRINGS = NO;
				SWIFT_VERSION = 5.0;
				TARGETED_DEVICE_FAMILY = "1,2";
				TEST_TARGET_NAME = CalorieEstimator;
			};
			name = Debug;
		};
		FF0009CA2DC8A088004ED69C /* Release */ = {
			isa = XCBuildConfiguration;
			buildSettings = {
				CODE_SIGN_STYLE = Automatic;
				CURRENT_PROJECT_VERSION = 1;
				DEVELOPMENT_TEAM = 5PD4VQJ6B3;
				GENERATE_INFOPLIST_FILE = YES;
				MARKETING_VERSION = 1.0;
				PRODUCT_BUNDLE_IDENTIFIER = shiddiqmukhlas.CalorieEstimatorUITests;
				PRODUCT_NAME = "$(TARGET_NAME)";
				SWIFT_EMIT_LOC_STRINGS = NO;
				SWIFT_VERSION = 5.0;
				TARGETED_DEVICE_FAMILY = "1,2";
				TEST_TARGET_NAME = CalorieEstimator;
			};
			name = Release;
		};
/* End XCBuildConfiguration section */

/* Begin XCConfigurationList section */
		FF00099C2DC8A085004ED69C /* Build configuration list for PBXProject "CalorieEstimator" */ = {
			isa = XCConfigurationList;
			buildConfigurations = (
				FF0009C02DC8A088004ED69C /* Debug */,
				FF0009C12DC8A088004ED69C /* Release */,
			);
			defaultConfigurationIsVisible = 0;
			defaultConfigurationName = Release;
		};
		FF0009C22DC8A088004ED69C /* Build configuration list for PBXNativeTarget "CalorieEstimator" */ = {
			isa = XCConfigurationList;
			buildConfigurations = (
				FF0009C32DC8A088004ED69C /* Debug */,
				FF0009C42DC8A088004ED69C /* Release */,
			);
			defaultConfigurationIsVisible = 0;
			defaultConfigurationName = Release;
		};
		FF0009C52DC8A088004ED69C /* Build configuration list for PBXNativeTarget "CalorieEstimatorTests" */ = {
			isa = XCConfigurationList;
			buildConfigurations = (
				FF0009C62DC8A088004ED69C /* Debug */,
				FF0009C72DC8A088004ED69C /* Release */,
			);
			defaultConfigurationIsVisible = 0;
			defaultConfigurationName = Release;
		};
		FF0009C82DC8A088004ED69C /* Build configuration list for PBXNativeTarget "CalorieEstimatorUITests" */ = {
			isa = XCConfigurationList;
			buildConfigurations = (
				FF0009C92DC8A088004ED69C /* Debug */,
				FF0009CA2DC8A088004ED69C /* Release */,
			);
			defaultConfigurationIsVisible = 0;
			defaultConfigurationName = Release;
		};
/* End XCConfigurationList section */
	};
	rootObject = FF0009992DC8A085004ED69C /* Project object */;
}
